
Microsoft Visual Studio Solution File, Format Version 12.00
# Visual Studio Version 17
VisualStudioVersion = 17.7.34302.85
MinimumVisualStudioVersion = 10.0.40219.1
Project("{2150E333-8FDC-42A3-9474-1A3956D46DE8}") = "Codes", "Codes", "{E87A2AE4-00B5-4B48-9E8F-B122466B5715}"
EndProject
Project("{2150E333-8FDC-42A3-9474-1A3956D46DE8}") = "Audit", "Audit", "{C0EF4D52-9BFE-462F-AF14-D179A782FEA2}"
EndProject
Project("{2150E333-8FDC-42A3-9474-1A3956D46DE8}") = "Portal", "Portal", "{D9C5CB59-541C-4E2B-89A0-67CA8632B4D3}"
EndProject
Project("{9A19103F-16F7-4668-BE54-9A1E7A4F7556}") = "Codes.Domain", "Codes\Codes.Domain\Codes.Domain.csproj", "{55D49E4A-A7DD-43DD-B8CB-DA8147BEF4FA}"
EndProject
Project("{9A19103F-16F7-4668-BE54-9A1E7A4F7556}") = "Codes.Application", "Codes\Codes.Application\Codes.Application.csproj", "{171B39CB-FDA4-40E8-ACE3-54C1910CD114}"
EndProject
Project("{9A19103F-16F7-4668-BE54-9A1E7A4F7556}") = "Codes.Infrastructures", "Codes\Codes.Infrastructures\Codes.Infrastructures.csproj", "{FC9E5899-E457-4963-98CF-212E4F0F0AEF}"
EndProject
Project("{9A19103F-16F7-4668-BE54-9A1E7A4F7556}") = "Codes.Api", "Codes\Codes.Api\Codes.Api.csproj", "{BABEDC58-0944-445D-A667-474D8992C33F}"
EndProject
Project("{2150E333-8FDC-42A3-9474-1A3956D46DE8}") = "Core", "Core", "{FB5339D6-5BCD-4BF8-ADE3-3CA740D9FBCC}"
EndProject
Project("{9A19103F-16F7-4668-BE54-9A1E7A4F7556}") = "Core.Infrastructures", "Core\Core.Infrastructures\Core.Infrastructures.csproj", "{3F31B422-21A4-466B-A0CA-9CF958D321F5}"
EndProject
Project("{9A19103F-16F7-4668-BE54-9A1E7A4F7556}") = "Core.Domain", "Core\Core.Domain\Core.Domain.csproj", "{AF9D11DD-4BFD-4A39-8AF8-E302224D9764}"
EndProject
Project("{9A19103F-16F7-4668-BE54-9A1E7A4F7556}") = "Core.Application", "Core\Core.Application\Core.Application.csproj", "{C0083767-ADF9-47DB-B829-A9F0F198E1A7}"
EndProject
Project("{9A19103F-16F7-4668-BE54-9A1E7A4F7556}") = "Core.Api", "Core\Core.Api\Core.Api.csproj", "{877EF98B-77E8-4A57-AF28-55880D924AB7}"
EndProject
Project("{FAE04EC0-301F-11D3-BF4B-00C04F79EFBC}") = "Audit.Domain", "Audit\Audit.Domain\Audit.Domain.csproj", "{A540A1CB-C79B-452E-A13F-2CBB88A5B43B}"
EndProject
Project("{FAE04EC0-301F-11D3-BF4B-00C04F79EFBC}") = "Audit.Application", "Audit\Audit.Application\Audit.Application.csproj", "{28CCF9FE-BA23-455A-BC8A-36442044FA4C}"
EndProject
Project("{FAE04EC0-301F-11D3-BF4B-00C04F79EFBC}") = "Audit.Infrastructures", "Audit\Audit.Infrastructures\Audit.Infrastructures.csproj", "{B9F95A6F-2F88-41AE-91C1-C8513343C504}"
EndProject
Project("{FAE04EC0-301F-11D3-BF4B-00C04F79EFBC}") = "Audit.Api", "Audit\Audit.Api\Audit.Api.csproj", "{110693A8-638C-4DB5-8C19-300F6DE473B0}"
EndProject
Global
	GlobalSection(SolutionConfigurationPlatforms) = preSolution
		Debug|Any CPU = Debug|Any CPU
		Release|Any CPU = Release|Any CPU
	EndGlobalSection
	GlobalSection(ProjectConfigurationPlatforms) = postSolution
		{55D49E4A-A7DD-43DD-B8CB-DA8147BEF4FA}.Debug|Any CPU.ActiveCfg = Debug|Any CPU
		{55D49E4A-A7DD-43DD-B8CB-DA8147BEF4FA}.Debug|Any CPU.Build.0 = Debug|Any CPU
		{55D49E4A-A7DD-43DD-B8CB-DA8147BEF4FA}.Release|Any CPU.ActiveCfg = Release|Any CPU
		{55D49E4A-A7DD-43DD-B8CB-DA8147BEF4FA}.Release|Any CPU.Build.0 = Release|Any CPU
		{171B39CB-FDA4-40E8-ACE3-54C1910CD114}.Debug|Any CPU.ActiveCfg = Debug|Any CPU
		{171B39CB-FDA4-40E8-ACE3-54C1910CD114}.Debug|Any CPU.Build.0 = Debug|Any CPU
		{171B39CB-FDA4-40E8-ACE3-54C1910CD114}.Release|Any CPU.ActiveCfg = Release|Any CPU
		{171B39CB-FDA4-40E8-ACE3-54C1910CD114}.Release|Any CPU.Build.0 = Release|Any CPU
		{FC9E5899-E457-4963-98CF-212E4F0F0AEF}.Debug|Any CPU.ActiveCfg = Debug|Any CPU
		{FC9E5899-E457-4963-98CF-212E4F0F0AEF}.Debug|Any CPU.Build.0 = Debug|Any CPU
		{FC9E5899-E457-4963-98CF-212E4F0F0AEF}.Release|Any CPU.ActiveCfg = Release|Any CPU
		{FC9E5899-E457-4963-98CF-212E4F0F0AEF}.Release|Any CPU.Build.0 = Release|Any CPU
		{BABEDC58-0944-445D-A667-474D8992C33F}.Debug|Any CPU.ActiveCfg = Debug|Any CPU
		{BABEDC58-0944-445D-A667-474D8992C33F}.Debug|Any CPU.Build.0 = Debug|Any CPU
		{BABEDC58-0944-445D-A667-474D8992C33F}.Release|Any CPU.ActiveCfg = Release|Any CPU
		{BABEDC58-0944-445D-A667-474D8992C33F}.Release|Any CPU.Build.0 = Release|Any CPU
		{3F31B422-21A4-466B-A0CA-9CF958D321F5}.Debug|Any CPU.ActiveCfg = Debug|Any CPU
		{3F31B422-21A4-466B-A0CA-9CF958D321F5}.Debug|Any CPU.Build.0 = Debug|Any CPU
		{3F31B422-21A4-466B-A0CA-9CF958D321F5}.Release|Any CPU.ActiveCfg = Release|Any CPU
		{3F31B422-21A4-466B-A0CA-9CF958D321F5}.Release|Any CPU.Build.0 = Release|Any CPU
		{AF9D11DD-4BFD-4A39-8AF8-E302224D9764}.Debug|Any CPU.ActiveCfg = Debug|Any CPU
		{AF9D11DD-4BFD-4A39-8AF8-E302224D9764}.Debug|Any CPU.Build.0 = Debug|Any CPU
		{AF9D11DD-4BFD-4A39-8AF8-E302224D9764}.Release|Any CPU.ActiveCfg = Release|Any CPU
		{AF9D11DD-4BFD-4A39-8AF8-E302224D9764}.Release|Any CPU.Build.0 = Release|Any CPU
		{C0083767-ADF9-47DB-B829-A9F0F198E1A7}.Debug|Any CPU.ActiveCfg = Debug|Any CPU
		{C0083767-ADF9-47DB-B829-A9F0F198E1A7}.Debug|Any CPU.Build.0 = Debug|Any CPU
		{C0083767-ADF9-47DB-B829-A9F0F198E1A7}.Release|Any CPU.ActiveCfg = Release|Any CPU
		{C0083767-ADF9-47DB-B829-A9F0F198E1A7}.Release|Any CPU.Build.0 = Release|Any CPU
		{877EF98B-77E8-4A57-AF28-55880D924AB7}.Debug|Any CPU.ActiveCfg = Debug|Any CPU
		{877EF98B-77E8-4A57-AF28-55880D924AB7}.Debug|Any CPU.Build.0 = Debug|Any CPU
		{877EF98B-77E8-4A57-AF28-55880D924AB7}.Release|Any CPU.ActiveCfg = Release|Any CPU
		{877EF98B-77E8-4A57-AF28-55880D924AB7}.Release|Any CPU.Build.0 = Release|Any CPU
		{A540A1CB-C79B-452E-A13F-2CBB88A5B43B}.Debug|Any CPU.ActiveCfg = Debug|Any CPU
		{A540A1CB-C79B-452E-A13F-2CBB88A5B43B}.Debug|Any CPU.Build.0 = Debug|Any CPU
		{A540A1CB-C79B-452E-A13F-2CBB88A5B43B}.Release|Any CPU.ActiveCfg = Release|Any CPU
		{A540A1CB-C79B-452E-A13F-2CBB88A5B43B}.Release|Any CPU.Build.0 = Release|Any CPU
		{28CCF9FE-BA23-455A-BC8A-36442044FA4C}.Debug|Any CPU.ActiveCfg = Debug|Any CPU
		{28CCF9FE-BA23-455A-BC8A-36442044FA4C}.Debug|Any CPU.Build.0 = Debug|Any CPU
		{28CCF9FE-BA23-455A-BC8A-36442044FA4C}.Release|Any CPU.ActiveCfg = Release|Any CPU
		{28CCF9FE-BA23-455A-BC8A-36442044FA4C}.Release|Any CPU.Build.0 = Release|Any CPU
		{B9F95A6F-2F88-41AE-91C1-C8513343C504}.Debug|Any CPU.ActiveCfg = Debug|Any CPU
		{B9F95A6F-2F88-41AE-91C1-C8513343C504}.Debug|Any CPU.Build.0 = Debug|Any CPU
		{B9F95A6F-2F88-41AE-91C1-C8513343C504}.Release|Any CPU.ActiveCfg = Release|Any CPU
		{B9F95A6F-2F88-41AE-91C1-C8513343C504}.Release|Any CPU.Build.0 = Release|Any CPU
		{110693A8-638C-4DB5-8C19-300F6DE473B0}.Debug|Any CPU.ActiveCfg = Debug|Any CPU
		{110693A8-638C-4DB5-8C19-300F6DE473B0}.Debug|Any CPU.Build.0 = Debug|Any CPU
		{110693A8-638C-4DB5-8C19-300F6DE473B0}.Release|Any CPU.ActiveCfg = Release|Any CPU
		{110693A8-638C-4DB5-8C19-300F6DE473B0}.Release|Any CPU.Build.0 = Release|Any CPU
	EndGlobalSection
	GlobalSection(SolutionProperties) = preSolution
		HideSolutionNode = FALSE
	EndGlobalSection
	GlobalSection(NestedProjects) = preSolution
		{55D49E4A-A7DD-43DD-B8CB-DA8147BEF4FA} = {E87A2AE4-00B5-4B48-9E8F-B122466B5715}
		{171B39CB-FDA4-40E8-ACE3-54C1910CD114} = {E87A2AE4-00B5-4B48-9E8F-B122466B5715}
		{FC9E5899-E457-4963-98CF-212E4F0F0AEF} = {E87A2AE4-00B5-4B48-9E8F-B122466B5715}
		{BABEDC58-0944-445D-A667-474D8992C33F} = {E87A2AE4-00B5-4B48-9E8F-B122466B5715}
		{3F31B422-21A4-466B-A0CA-9CF958D321F5} = {FB5339D6-5BCD-4BF8-ADE3-3CA740D9FBCC}
		{AF9D11DD-4BFD-4A39-8AF8-E302224D9764} = {FB5339D6-5BCD-4BF8-ADE3-3CA740D9FBCC}
		{C0083767-ADF9-47DB-B829-A9F0F198E1A7} = {FB5339D6-5BCD-4BF8-ADE3-3CA740D9FBCC}
		{877EF98B-77E8-4A57-AF28-55880D924AB7} = {FB5339D6-5BCD-4BF8-ADE3-3CA740D9FBCC}
		{A540A1CB-C79B-452E-A13F-2CBB88A5B43B} = {C0EF4D52-9BFE-462F-AF14-D179A782FEA2}
		{28CCF9FE-BA23-455A-BC8A-36442044FA4C} = {C0EF4D52-9BFE-462F-AF14-D179A782FEA2}
		{B9F95A6F-2F88-41AE-91C1-C8513343C504} = {C0EF4D52-9BFE-462F-AF14-D179A782FEA2}
		{110693A8-638C-4DB5-8C19-300F6DE473B0} = {C0EF4D52-9BFE-462F-AF14-D179A782FEA2}
	EndGlobalSection
	GlobalSection(ExtensibilityGlobals) = postSolution
		SolutionGuid = {C11304A1-2D24-4A19-9029-D8C6790E5D5E}
	EndGlobalSection
EndGlobal
