
Microsoft Visual Studio Solution File, Format Version 12.00
# Visual Studio Version 17
VisualStudioVersion = 17.7.34302.85
MinimumVisualStudioVersion = 10.0.40219.1
Project("{2150E333-8FDC-42A3-9474-1A3956D46DE8}") = "Codes", "Codes", "{E87A2AE4-00B5-4B48-9E8F-B122466B5715}"
EndProject
Project("{2150E333-8FDC-42A3-9474-1A3956D46DE8}") = "Audit", "Audit", "{C0EF4D52-9BFE-462F-AF14-D179A782FEA2}"
EndProject
Project("{2150E333-8FDC-42A3-9474-1A3956D46DE8}") = "Portal", "Portal", "{D9C5CB59-541C-4E2B-89A0-67CA8632B4D3}"
EndProject
Project("{9A19103F-16F7-4668-BE54-9A1E7A4F7556}") = "Codes.Domain", "Codes\Codes.Domain\Codes.Domain.csproj", "{55D49E4A-A7DD-43DD-B8CB-DA8147BEF4FA}"
EndProject
Project("{9A19103F-16F7-4668-BE54-9A1E7A4F7556}") = "Codes.Application", "Codes\Codes.Application\Codes.Application.csproj", "{171B39CB-FDA4-40E8-ACE3-54C1910CD114}"
EndProject
Project("{9A19103F-16F7-4668-BE54-9A1E7A4F7556}") = "Codes.Infrastructures", "Codes\Codes.Infrastructures\Codes.Infrastructures.csproj", "{FC9E5899-E457-4963-98CF-212E4F0F0AEF}"
EndProject
Project("{9A19103F-16F7-4668-BE54-9A1E7A4F7556}") = "Codes.Api", "Codes\Codes.Api\Codes.Api.csproj", "{BABEDC58-0944-445D-A667-474D8992C33F}"
EndProject
Project("{2150E333-8FDC-42A3-9474-1A3956D46DE8}") = "Core", "Core", "{FB5339D6-5BCD-4BF8-ADE3-3CA740D9FBCC}"
EndProject
Project("{9A19103F-16F7-4668-BE54-9A1E7A4F7556}") = "Core.Infrastructures", "Core\Core.Infrastructures\Core.Infrastructures.csproj", "{3F31B422-21A4-466B-A0CA-9CF958D321F5}"
EndProject
Project("{9A19103F-16F7-4668-BE54-9A1E7A4F7556}") = "Core.Domain", "Core\Core.Domain\Core.Domain.csproj", "{AF9D11DD-4BFD-4A39-8AF8-E302224D9764}"
EndProject
Project("{9A19103F-16F7-4668-BE54-9A1E7A4F7556}") = "Core.Application", "Core\Core.Application\Core.Application.csproj", "{C0083767-ADF9-47DB-B829-A9F0F198E1A7}"
EndProject
Project("{9A19103F-16F7-4668-BE54-9A1E7A4F7556}") = "Core.Api", "Core\Core.Api\Core.Api.csproj", "{877EF98B-77E8-4A57-AF28-55880D924AB7}"
EndProject
Project("{9A19103F-16F7-4668-BE54-9A1E7A4F7556}") = "Audit.Domain", "Audit\Audit.Domain\Audit.Domain.csproj", "{A540A1CB-C79B-452E-A13F-2CBB88A5B43B}"
EndProject
Project("{9A19103F-16F7-4668-BE54-9A1E7A4F7556}") = "Audit.Application", "Audit\Audit.Application\Audit.Application.csproj", "{28CCF9FE-BA23-455A-BC8A-36442044FA4C}"
EndProject
Project("{9A19103F-16F7-4668-BE54-9A1E7A4F7556}") = "Audit.Infrastructures", "Audit\Audit.Infrastructures\Audit.Infrastructures.csproj", "{B9F95A6F-2F88-41AE-91C1-C8513343C504}"
EndProject
Project("{9A19103F-16F7-4668-BE54-9A1E7A4F7556}") = "Audit.Api", "Audit\Audit.Api\Audit.Api.csproj", "{110693A8-638C-4DB5-8C19-300F6DE473B0}"
EndProject
Project("{9A19103F-16F7-4668-BE54-9A1E7A4F7556}") = "Audit.Worker", "Audit\Audit.Processor\Audit.Worker.csproj", "{9D775AFC-E321-4598-A091-D93CECC8F913}"
EndProject
Project("{9A19103F-16F7-4668-BE54-9A1E7A4F7556}") = "Core.Worker", "Core\Core.Worker\Core.Worker.csproj", "{D156834B-F1BE-486A-96F6-8613CB4627B6}"
EndProject
Project("{9A19103F-16F7-4668-BE54-9A1E7A4F7556}") = "Audit.Contracts", "Audit\Audit.Contracts\Audit.Contracts.csproj", "{45CBE5C3-2A3A-4E09-96E2-B8E49B828E76}"
EndProject
Project("{E53339B2-1760-4266-BCC7-CA923CBCF16C}") = "docker-compose", "docker-compose.dcproj", "{15BA73AB-8057-4443-833C-58F956257B6D}"
EndProject
Project("{2150E333-8FDC-42A3-9474-1A3956D46DE8}") = "RequestReceiver", "RequestReceiver", "{1B3CAD3E-1C8C-4995-9C70-DF59D1FEE7EF}"
EndProject
Project("{FAE04EC0-301F-11D3-BF4B-00C04F79EFBC}") = "RequestReceiver.Api", "RequestReceiver\RequestReceiver.Api\RequestReceiver.Api.csproj", "{63A96E66-6A98-4A04-9C00-39FCE60FF5D3}"
EndProject
Project("{FAE04EC0-301F-11D3-BF4B-00C04F79EFBC}") = "RequestReceiver.Application", "RequestReceiver\RequestReceiver.Application\RequestReceiver.Application.csproj", "{CEF8FD5E-43CB-4C9C-B4C3-0E1E050A15AB}"
EndProject
Project("{FAE04EC0-301F-11D3-BF4B-00C04F79EFBC}") = "RequestReceiver.Domain", "RequestReceiver\RequestReceiver.Domain\RequestReceiver.Domain.csproj", "{A58DBDE7-F2D7-4F2B-85D9-5F43904B80EF}"
EndProject
Project("{2150E333-8FDC-42A3-9474-1A3956D46DE8}") = "ContractManagement", "ContractManagement", "{094BAA40-7A65-4120-8AF6-F90FD1CB691A}"
EndProject
Project("{FAE04EC0-301F-11D3-BF4B-00C04F79EFBC}") = "ContractManagement.Api", "ContractManagement\ContractManagement.Api\ContractManagement.Api.csproj", "{FDBE10AA-31FD-4B08-BD26-D705F02CD01B}"
EndProject
Project("{FAE04EC0-301F-11D3-BF4B-00C04F79EFBC}") = "ContractManagement.Application", "ContractManagement\ContractManagement.Application\ContractManagement.Application.csproj", "{B49F6A09-A8D4-477B-BD28-00E5E6E3ED15}"
EndProject
Project("{FAE04EC0-301F-11D3-BF4B-00C04F79EFBC}") = "ContractManagement.Infrastructure", "ContractManagement\ContractManagement.Infrastructure\ContractManagement.Infrastructure.csproj", "{53465A09-5198-4FCB-B62C-2C69F1573105}"
EndProject
Project("{FAE04EC0-301F-11D3-BF4B-00C04F79EFBC}") = "ContractManagement.Domain", "ContractManagement\ContractManagement.Domain\ContractManagement.Domain.csproj", "{1235CBAB-45AB-4A05-BD6B-6A16ECF58B81}"
EndProject
Project("{FAE04EC0-301F-11D3-BF4B-00C04F79EFBC}") = "ContractManagement.Contracts", "ContractManagement\ContractManagement.Contracts\ContractManagement.Contracts.csproj", "{75BBD76B-06B8-46D6-9D86-31334F2D744F}"
EndProject
Project("{FAE04EC0-301F-11D3-BF4B-00C04F79EFBC}") = "ContractManagement.Worker", "ContractManagement\ContractManagement.Worker\ContractManagement.Worker.csproj", "{94D1609B-DD53-48C6-B303-C0682B7202C1}"
EndProject
Project("{FAE04EC0-301F-11D3-BF4B-00C04F79EFBC}") = "RequestReceiver.Infrastructure", "RequestReceiver\RequestReceiver.Infrastructure\RequestReceiver.Infrastructure.csproj", "{BCB7B054-7304-49F8-9EFE-01EDF89BE9CE}"
EndProject
Global
	GlobalSection(SolutionConfigurationPlatforms) = preSolution
		Debug|Any CPU = Debug|Any CPU
		Release|Any CPU = Release|Any CPU
	EndGlobalSection
	GlobalSection(ProjectConfigurationPlatforms) = postSolution
		{55D49E4A-A7DD-43DD-B8CB-DA8147BEF4FA}.Debug|Any CPU.ActiveCfg = Debug|Any CPU
		{55D49E4A-A7DD-43DD-B8CB-DA8147BEF4FA}.Debug|Any CPU.Build.0 = Debug|Any CPU
		{55D49E4A-A7DD-43DD-B8CB-DA8147BEF4FA}.Release|Any CPU.ActiveCfg = Release|Any CPU
		{55D49E4A-A7DD-43DD-B8CB-DA8147BEF4FA}.Release|Any CPU.Build.0 = Release|Any CPU
		{171B39CB-FDA4-40E8-ACE3-54C1910CD114}.Debug|Any CPU.ActiveCfg = Debug|Any CPU
		{171B39CB-FDA4-40E8-ACE3-54C1910CD114}.Debug|Any CPU.Build.0 = Debug|Any CPU
		{171B39CB-FDA4-40E8-ACE3-54C1910CD114}.Release|Any CPU.ActiveCfg = Release|Any CPU
		{171B39CB-FDA4-40E8-ACE3-54C1910CD114}.Release|Any CPU.Build.0 = Release|Any CPU
		{FC9E5899-E457-4963-98CF-212E4F0F0AEF}.Debug|Any CPU.ActiveCfg = Debug|Any CPU
		{FC9E5899-E457-4963-98CF-212E4F0F0AEF}.Debug|Any CPU.Build.0 = Debug|Any CPU
		{FC9E5899-E457-4963-98CF-212E4F0F0AEF}.Release|Any CPU.ActiveCfg = Release|Any CPU
		{FC9E5899-E457-4963-98CF-212E4F0F0AEF}.Release|Any CPU.Build.0 = Release|Any CPU
		{BABEDC58-0944-445D-A667-474D8992C33F}.Debug|Any CPU.ActiveCfg = Debug|Any CPU
		{BABEDC58-0944-445D-A667-474D8992C33F}.Debug|Any CPU.Build.0 = Debug|Any CPU
		{BABEDC58-0944-445D-A667-474D8992C33F}.Release|Any CPU.ActiveCfg = Release|Any CPU
		{BABEDC58-0944-445D-A667-474D8992C33F}.Release|Any CPU.Build.0 = Release|Any CPU
		{3F31B422-21A4-466B-A0CA-9CF958D321F5}.Debug|Any CPU.ActiveCfg = Debug|Any CPU
		{3F31B422-21A4-466B-A0CA-9CF958D321F5}.Debug|Any CPU.Build.0 = Debug|Any CPU
		{3F31B422-21A4-466B-A0CA-9CF958D321F5}.Release|Any CPU.ActiveCfg = Release|Any CPU
		{3F31B422-21A4-466B-A0CA-9CF958D321F5}.Release|Any CPU.Build.0 = Release|Any CPU
		{AF9D11DD-4BFD-4A39-8AF8-E302224D9764}.Debug|Any CPU.ActiveCfg = Debug|Any CPU
		{AF9D11DD-4BFD-4A39-8AF8-E302224D9764}.Debug|Any CPU.Build.0 = Debug|Any CPU
		{AF9D11DD-4BFD-4A39-8AF8-E302224D9764}.Release|Any CPU.ActiveCfg = Release|Any CPU
		{AF9D11DD-4BFD-4A39-8AF8-E302224D9764}.Release|Any CPU.Build.0 = Release|Any CPU
		{C0083767-ADF9-47DB-B829-A9F0F198E1A7}.Debug|Any CPU.ActiveCfg = Debug|Any CPU
		{C0083767-ADF9-47DB-B829-A9F0F198E1A7}.Debug|Any CPU.Build.0 = Debug|Any CPU
		{C0083767-ADF9-47DB-B829-A9F0F198E1A7}.Release|Any CPU.ActiveCfg = Release|Any CPU
		{C0083767-ADF9-47DB-B829-A9F0F198E1A7}.Release|Any CPU.Build.0 = Release|Any CPU
		{877EF98B-77E8-4A57-AF28-55880D924AB7}.Debug|Any CPU.ActiveCfg = Debug|Any CPU
		{877EF98B-77E8-4A57-AF28-55880D924AB7}.Debug|Any CPU.Build.0 = Debug|Any CPU
		{877EF98B-77E8-4A57-AF28-55880D924AB7}.Release|Any CPU.ActiveCfg = Release|Any CPU
		{877EF98B-77E8-4A57-AF28-55880D924AB7}.Release|Any CPU.Build.0 = Release|Any CPU
		{A540A1CB-C79B-452E-A13F-2CBB88A5B43B}.Debug|Any CPU.ActiveCfg = Debug|Any CPU
		{A540A1CB-C79B-452E-A13F-2CBB88A5B43B}.Debug|Any CPU.Build.0 = Debug|Any CPU
		{A540A1CB-C79B-452E-A13F-2CBB88A5B43B}.Release|Any CPU.ActiveCfg = Release|Any CPU
		{A540A1CB-C79B-452E-A13F-2CBB88A5B43B}.Release|Any CPU.Build.0 = Release|Any CPU
		{28CCF9FE-BA23-455A-BC8A-36442044FA4C}.Debug|Any CPU.ActiveCfg = Debug|Any CPU
		{28CCF9FE-BA23-455A-BC8A-36442044FA4C}.Debug|Any CPU.Build.0 = Debug|Any CPU
		{28CCF9FE-BA23-455A-BC8A-36442044FA4C}.Release|Any CPU.ActiveCfg = Release|Any CPU
		{28CCF9FE-BA23-455A-BC8A-36442044FA4C}.Release|Any CPU.Build.0 = Release|Any CPU
		{B9F95A6F-2F88-41AE-91C1-C8513343C504}.Debug|Any CPU.ActiveCfg = Debug|Any CPU
		{B9F95A6F-2F88-41AE-91C1-C8513343C504}.Debug|Any CPU.Build.0 = Debug|Any CPU
		{B9F95A6F-2F88-41AE-91C1-C8513343C504}.Release|Any CPU.ActiveCfg = Release|Any CPU
		{B9F95A6F-2F88-41AE-91C1-C8513343C504}.Release|Any CPU.Build.0 = Release|Any CPU
		{110693A8-638C-4DB5-8C19-300F6DE473B0}.Debug|Any CPU.ActiveCfg = Debug|Any CPU
		{110693A8-638C-4DB5-8C19-300F6DE473B0}.Debug|Any CPU.Build.0 = Debug|Any CPU
		{110693A8-638C-4DB5-8C19-300F6DE473B0}.Release|Any CPU.ActiveCfg = Release|Any CPU
		{110693A8-638C-4DB5-8C19-300F6DE473B0}.Release|Any CPU.Build.0 = Release|Any CPU
		{9D775AFC-E321-4598-A091-D93CECC8F913}.Debug|Any CPU.ActiveCfg = Debug|Any CPU
		{9D775AFC-E321-4598-A091-D93CECC8F913}.Debug|Any CPU.Build.0 = Debug|Any CPU
		{9D775AFC-E321-4598-A091-D93CECC8F913}.Release|Any CPU.ActiveCfg = Release|Any CPU
		{9D775AFC-E321-4598-A091-D93CECC8F913}.Release|Any CPU.Build.0 = Release|Any CPU
		{D156834B-F1BE-486A-96F6-8613CB4627B6}.Debug|Any CPU.ActiveCfg = Debug|Any CPU
		{D156834B-F1BE-486A-96F6-8613CB4627B6}.Debug|Any CPU.Build.0 = Debug|Any CPU
		{D156834B-F1BE-486A-96F6-8613CB4627B6}.Release|Any CPU.ActiveCfg = Release|Any CPU
		{D156834B-F1BE-486A-96F6-8613CB4627B6}.Release|Any CPU.Build.0 = Release|Any CPU
		{45CBE5C3-2A3A-4E09-96E2-B8E49B828E76}.Debug|Any CPU.ActiveCfg = Debug|Any CPU
		{45CBE5C3-2A3A-4E09-96E2-B8E49B828E76}.Debug|Any CPU.Build.0 = Debug|Any CPU
		{45CBE5C3-2A3A-4E09-96E2-B8E49B828E76}.Release|Any CPU.ActiveCfg = Release|Any CPU
		{45CBE5C3-2A3A-4E09-96E2-B8E49B828E76}.Release|Any CPU.Build.0 = Release|Any CPU
		{15BA73AB-8057-4443-833C-58F956257B6D}.Debug|Any CPU.ActiveCfg = Debug|Any CPU
		{15BA73AB-8057-4443-833C-58F956257B6D}.Debug|Any CPU.Build.0 = Debug|Any CPU
		{15BA73AB-8057-4443-833C-58F956257B6D}.Release|Any CPU.ActiveCfg = Release|Any CPU
		{15BA73AB-8057-4443-833C-58F956257B6D}.Release|Any CPU.Build.0 = Release|Any CPU
		{63A96E66-6A98-4A04-9C00-39FCE60FF5D3}.Debug|Any CPU.ActiveCfg = Debug|Any CPU
		{63A96E66-6A98-4A04-9C00-39FCE60FF5D3}.Debug|Any CPU.Build.0 = Debug|Any CPU
		{63A96E66-6A98-4A04-9C00-39FCE60FF5D3}.Release|Any CPU.ActiveCfg = Release|Any CPU
		{63A96E66-6A98-4A04-9C00-39FCE60FF5D3}.Release|Any CPU.Build.0 = Release|Any CPU
		{CEF8FD5E-43CB-4C9C-B4C3-0E1E050A15AB}.Debug|Any CPU.ActiveCfg = Debug|Any CPU
		{CEF8FD5E-43CB-4C9C-B4C3-0E1E050A15AB}.Debug|Any CPU.Build.0 = Debug|Any CPU
		{CEF8FD5E-43CB-4C9C-B4C3-0E1E050A15AB}.Release|Any CPU.ActiveCfg = Release|Any CPU
		{CEF8FD5E-43CB-4C9C-B4C3-0E1E050A15AB}.Release|Any CPU.Build.0 = Release|Any CPU
		{A58DBDE7-F2D7-4F2B-85D9-5F43904B80EF}.Debug|Any CPU.ActiveCfg = Debug|Any CPU
		{A58DBDE7-F2D7-4F2B-85D9-5F43904B80EF}.Debug|Any CPU.Build.0 = Debug|Any CPU
		{A58DBDE7-F2D7-4F2B-85D9-5F43904B80EF}.Release|Any CPU.ActiveCfg = Release|Any CPU
		{A58DBDE7-F2D7-4F2B-85D9-5F43904B80EF}.Release|Any CPU.Build.0 = Release|Any CPU
		{FDBE10AA-31FD-4B08-BD26-D705F02CD01B}.Debug|Any CPU.ActiveCfg = Debug|Any CPU
		{FDBE10AA-31FD-4B08-BD26-D705F02CD01B}.Debug|Any CPU.Build.0 = Debug|Any CPU
		{FDBE10AA-31FD-4B08-BD26-D705F02CD01B}.Release|Any CPU.ActiveCfg = Release|Any CPU
		{FDBE10AA-31FD-4B08-BD26-D705F02CD01B}.Release|Any CPU.Build.0 = Release|Any CPU
		{B49F6A09-A8D4-477B-BD28-00E5E6E3ED15}.Debug|Any CPU.ActiveCfg = Debug|Any CPU
		{B49F6A09-A8D4-477B-BD28-00E5E6E3ED15}.Debug|Any CPU.Build.0 = Debug|Any CPU
		{B49F6A09-A8D4-477B-BD28-00E5E6E3ED15}.Release|Any CPU.ActiveCfg = Release|Any CPU
		{B49F6A09-A8D4-477B-BD28-00E5E6E3ED15}.Release|Any CPU.Build.0 = Release|Any CPU
		{53465A09-5198-4FCB-B62C-2C69F1573105}.Debug|Any CPU.ActiveCfg = Debug|Any CPU
		{53465A09-5198-4FCB-B62C-2C69F1573105}.Debug|Any CPU.Build.0 = Debug|Any CPU
		{53465A09-5198-4FCB-B62C-2C69F1573105}.Release|Any CPU.ActiveCfg = Release|Any CPU
		{53465A09-5198-4FCB-B62C-2C69F1573105}.Release|Any CPU.Build.0 = Release|Any CPU
		{1235CBAB-45AB-4A05-BD6B-6A16ECF58B81}.Debug|Any CPU.ActiveCfg = Debug|Any CPU
		{1235CBAB-45AB-4A05-BD6B-6A16ECF58B81}.Debug|Any CPU.Build.0 = Debug|Any CPU
		{1235CBAB-45AB-4A05-BD6B-6A16ECF58B81}.Release|Any CPU.ActiveCfg = Release|Any CPU
		{1235CBAB-45AB-4A05-BD6B-6A16ECF58B81}.Release|Any CPU.Build.0 = Release|Any CPU
		{75BBD76B-06B8-46D6-9D86-31334F2D744F}.Debug|Any CPU.ActiveCfg = Debug|Any CPU
		{75BBD76B-06B8-46D6-9D86-31334F2D744F}.Debug|Any CPU.Build.0 = Debug|Any CPU
		{75BBD76B-06B8-46D6-9D86-31334F2D744F}.Release|Any CPU.ActiveCfg = Release|Any CPU
		{75BBD76B-06B8-46D6-9D86-31334F2D744F}.Release|Any CPU.Build.0 = Release|Any CPU
		{94D1609B-DD53-48C6-B303-C0682B7202C1}.Debug|Any CPU.ActiveCfg = Debug|Any CPU
		{94D1609B-DD53-48C6-B303-C0682B7202C1}.Debug|Any CPU.Build.0 = Debug|Any CPU
		{94D1609B-DD53-48C6-B303-C0682B7202C1}.Release|Any CPU.ActiveCfg = Release|Any CPU
		{94D1609B-DD53-48C6-B303-C0682B7202C1}.Release|Any CPU.Build.0 = Release|Any CPU
		{BCB7B054-7304-49F8-9EFE-01EDF89BE9CE}.Debug|Any CPU.ActiveCfg = Debug|Any CPU
		{BCB7B054-7304-49F8-9EFE-01EDF89BE9CE}.Debug|Any CPU.Build.0 = Debug|Any CPU
		{BCB7B054-7304-49F8-9EFE-01EDF89BE9CE}.Release|Any CPU.ActiveCfg = Release|Any CPU
		{BCB7B054-7304-49F8-9EFE-01EDF89BE9CE}.Release|Any CPU.Build.0 = Release|Any CPU
	EndGlobalSection
	GlobalSection(SolutionProperties) = preSolution
		HideSolutionNode = FALSE
	EndGlobalSection
	GlobalSection(NestedProjects) = preSolution
		{55D49E4A-A7DD-43DD-B8CB-DA8147BEF4FA} = {E87A2AE4-00B5-4B48-9E8F-B122466B5715}
		{171B39CB-FDA4-40E8-ACE3-54C1910CD114} = {E87A2AE4-00B5-4B48-9E8F-B122466B5715}
		{FC9E5899-E457-4963-98CF-212E4F0F0AEF} = {E87A2AE4-00B5-4B48-9E8F-B122466B5715}
		{BABEDC58-0944-445D-A667-474D8992C33F} = {E87A2AE4-00B5-4B48-9E8F-B122466B5715}
		{3F31B422-21A4-466B-A0CA-9CF958D321F5} = {FB5339D6-5BCD-4BF8-ADE3-3CA740D9FBCC}
		{AF9D11DD-4BFD-4A39-8AF8-E302224D9764} = {FB5339D6-5BCD-4BF8-ADE3-3CA740D9FBCC}
		{C0083767-ADF9-47DB-B829-A9F0F198E1A7} = {FB5339D6-5BCD-4BF8-ADE3-3CA740D9FBCC}
		{877EF98B-77E8-4A57-AF28-55880D924AB7} = {FB5339D6-5BCD-4BF8-ADE3-3CA740D9FBCC}
		{A540A1CB-C79B-452E-A13F-2CBB88A5B43B} = {C0EF4D52-9BFE-462F-AF14-D179A782FEA2}
		{28CCF9FE-BA23-455A-BC8A-36442044FA4C} = {C0EF4D52-9BFE-462F-AF14-D179A782FEA2}
		{B9F95A6F-2F88-41AE-91C1-C8513343C504} = {C0EF4D52-9BFE-462F-AF14-D179A782FEA2}
		{110693A8-638C-4DB5-8C19-300F6DE473B0} = {C0EF4D52-9BFE-462F-AF14-D179A782FEA2}
		{9D775AFC-E321-4598-A091-D93CECC8F913} = {C0EF4D52-9BFE-462F-AF14-D179A782FEA2}
		{D156834B-F1BE-486A-96F6-8613CB4627B6} = {FB5339D6-5BCD-4BF8-ADE3-3CA740D9FBCC}
		{45CBE5C3-2A3A-4E09-96E2-B8E49B828E76} = {C0EF4D52-9BFE-462F-AF14-D179A782FEA2}
		{63A96E66-6A98-4A04-9C00-39FCE60FF5D3} = {1B3CAD3E-1C8C-4995-9C70-DF59D1FEE7EF}
		{CEF8FD5E-43CB-4C9C-B4C3-0E1E050A15AB} = {1B3CAD3E-1C8C-4995-9C70-DF59D1FEE7EF}
		{A58DBDE7-F2D7-4F2B-85D9-5F43904B80EF} = {1B3CAD3E-1C8C-4995-9C70-DF59D1FEE7EF}
		{FDBE10AA-31FD-4B08-BD26-D705F02CD01B} = {094BAA40-7A65-4120-8AF6-F90FD1CB691A}
		{B49F6A09-A8D4-477B-BD28-00E5E6E3ED15} = {094BAA40-7A65-4120-8AF6-F90FD1CB691A}
		{53465A09-5198-4FCB-B62C-2C69F1573105} = {094BAA40-7A65-4120-8AF6-F90FD1CB691A}
		{1235CBAB-45AB-4A05-BD6B-6A16ECF58B81} = {094BAA40-7A65-4120-8AF6-F90FD1CB691A}
		{75BBD76B-06B8-46D6-9D86-31334F2D744F} = {094BAA40-7A65-4120-8AF6-F90FD1CB691A}
		{94D1609B-DD53-48C6-B303-C0682B7202C1} = {094BAA40-7A65-4120-8AF6-F90FD1CB691A}
		{BCB7B054-7304-49F8-9EFE-01EDF89BE9CE} = {1B3CAD3E-1C8C-4995-9C70-DF59D1FEE7EF}
	EndGlobalSection
	GlobalSection(ExtensibilityGlobals) = postSolution
		SolutionGuid = {C11304A1-2D24-4A19-9029-D8C6790E5D5E}
	EndGlobalSection
EndGlobal
